{
  "version": 4,
  "terraform_version": "1.5.5",
  "serial": 323,
  "lineage": "e5ff496b-354a-4b4b-3f06-72b658d1b2be",
  "outputs": {},
  "resources": [
    {
      "mode": "managed",
      "type": "docker_image",
      "name": "image_firewall",
      "provider": "provider[\"registry.terraform.io/kreuzwerker/docker\"]",
      "instances": [
        {
          "schema_version": 0,
          "attributes": {
            "build": [],
            "force_remove": null,
            "id": "sha256:6f89226e89974645fad159732d0ec4b0c5920e01ae00e315898d29d2073edc56luisfercho09/firewall-vulnerabilities:latest",
            "image_id": "sha256:6f89226e89974645fad159732d0ec4b0c5920e01ae00e315898d29d2073edc56",
            "keep_locally": null,
            "name": "luisfercho09/firewall-vulnerabilities:latest",
            "platform": null,
            "pull_triggers": null,
            "repo_digest": "luisfercho09/firewall-vulnerabilities@sha256:e0e18163c32cc3f1bb53467a6b655b48c8d21c2fe8ddf129ae789a70f535c60a",
            "triggers": null
          },
          "sensitive_attributes": [],
          "private": "bnVsbA=="
        }
      ]
    }
  ],
  "check_results": null
}
