{
  "version": 4,
  "terraform_version": "1.5.5",
  "serial": 476,
  "lineage": "e5ff496b-354a-4b4b-3f06-72b658d1b2be",
  "outputs": {},
  "resources": [
    {
      "mode": "managed",
      "type": "docker_container",
      "name": "container_firewall",
      "provider": "provider[\"registry.terraform.io/kreuzwerker/docker\"]",
      "instances": [
        {
          "schema_version": 2,
          "attributes": {
            "attach": false,
            "bridge": "",
            "capabilities": [],
            "cgroupns_mode": null,
            "command": [
              "/opt/bin/supervisord"
            ],
            "container_logs": null,
            "container_read_refresh_timeout_milliseconds": 15000,
            "cpu_set": "",
            "cpu_shares": 0,
            "destroy_grace_seconds": null,
            "devices": [],
            "dns": null,
            "dns_opts": null,
            "dns_search": null,
            "domainname": "",
            "entrypoint": [
              "/tini",
              "--"
            ],
            "env": [
              "APIFW_API_SPECS=/opt/resources/httpbin.json",
              "APIFW_DENYLIST_TOKENS_COOKIE_NAME=test",
              "APIFW_DENYLIST_TOKENS_FILE=/opt/resources/tokens.denylist.db",
              "APIFW_DENYLIST_TOKENS_HEADER_NAME=",
              "APIFW_DENYLIST_TOKENS_TRIM_BEARER_PREFIX=true",
              "APIFW_REQUEST_VALIDATION=BLOCK",
              "APIFW_RESPONSE_VALIDATION=BLOCK",
              "APIFW_SERVER_DIAL_TIMEOUT=200ms",
              "APIFW_SERVER_MAX_CONNS_PER_HOST=512",
              "APIFW_SERVER_READ_TIMEOUT=5s",
              "APIFW_SERVER_URL=http://backend:80",
              "APIFW_SERVER_WRITE_TIMEOUT=5s",
              "APIFW_URL=http://0.0.0.0:8080"
            ],
            "exit_code": null,
            "gpus": null,
            "group_add": null,
            "healthcheck": [
              {
                "interval": "0s",
                "retries": 0,
                "start_period": "30s",
                "test": [
                  "CMD-SHELL",
                  "[[ $(ps -p $(pidof ruby) -o etimes --no-headers | sed -e 's/^[[:space:]]*//') -gt 25 ]] || exit 1"
                ],
                "timeout": "0s"
              }
            ],
            "host": [],
            "hostname": "f01122df7237",
            "id": "f01122df7237f03a2e1c64721e34ea03ae2c9f8f4beb3d58dbcd27a88af3560e",
            "image": "sha256:7c456fcc8cacf55e10a27b0e52f88564f10f6c2a159bc0b64c7686fb01aef64c",
            "init": false,
            "ipc_mode": "private",
            "labels": [],
            "log_driver": "json-file",
            "log_opts": null,
            "logs": false,
            "max_retry_count": 0,
            "memory": 0,
            "memory_swap": 0,
            "mounts": [],
            "must_run": true,
            "name": "firewall_container",
            "network_data": [
              {
                "gateway": "172.17.0.1",
                "global_ipv6_address": "",
                "global_ipv6_prefix_length": 0,
                "ip_address": "172.17.0.4",
                "ip_prefix_length": 16,
                "ipv6_gateway": "",
                "mac_address": "02:42:ac:11:00:04",
                "network_name": "bridge"
              }
            ],
            "network_mode": "default",
            "networks_advanced": [],
            "pid_mode": "",
            "ports": [
              {
                "external": 8080,
                "internal": 80,
                "ip": "0.0.0.0",
                "protocol": "tcp"
              }
            ],
            "privileged": false,
            "publish_all_ports": false,
            "read_only": false,
            "remove_volumes": true,
            "restart": "on-failure",
            "rm": false,
            "runtime": "runc",
            "security_opts": [],
            "shm_size": 64,
            "start": true,
            "stdin_open": false,
            "stop_signal": "",
            "stop_timeout": 0,
            "storage_opts": null,
            "sysctls": null,
            "tmpfs": null,
            "tty": false,
            "ulimit": [],
            "upload": [],
            "user": "",
            "userns_mode": "",
            "volumes": [
              {
                "container_path": "/docker-entrypoint.sh",
                "from_container": "",
                "host_path": "/luisfercho09/nginx-vulnerabilities",
                "read_only": true,
                "volume_name": ""
              }
            ],
            "wait": false,
            "wait_timeout": 60,
            "working_dir": "/scanner"
          },
          "sensitive_attributes": [],
          "private": "eyJzY2hlbWFfdmVyc2lvbiI6IjIifQ==",
          "dependencies": [
            "docker_image.image_firewall"
          ]
        }
      ]
    },
    {
      "mode": "managed",
      "type": "docker_container",
      "name": "container_nginx",
      "provider": "provider[\"registry.terraform.io/kreuzwerker/docker\"]",
      "instances": [
        {
          "schema_version": 2,
          "attributes": {
            "attach": false,
            "bridge": "",
            "capabilities": [],
            "cgroupns_mode": null,
            "command": [
              "/opt/bin/supervisord"
            ],
            "container_logs": null,
            "container_read_refresh_timeout_milliseconds": 15000,
            "cpu_set": "",
            "cpu_shares": 0,
            "destroy_grace_seconds": null,
            "devices": [],
            "dns": null,
            "dns_opts": null,
            "dns_search": null,
            "domainname": "",
            "entrypoint": [
              "/tini",
              "--"
            ],
            "env": [],
            "exit_code": null,
            "gpus": null,
            "group_add": null,
            "healthcheck": [
              {
                "interval": "0s",
                "retries": 0,
                "start_period": "30s",
                "test": [
                  "CMD-SHELL",
                  "[[ $(ps -p $(pidof ruby) -o etimes --no-headers | sed -e 's/^[[:space:]]*//') -gt 25 ]] || exit 1"
                ],
                "timeout": "0s"
              }
            ],
            "host": [],
            "hostname": "89cbbf49657c",
            "id": "89cbbf49657c6d035b4958492404a8078a734c00b35fd1d4eb49ddd1fca82b96",
            "image": "sha256:7c456fcc8cacf55e10a27b0e52f88564f10f6c2a159bc0b64c7686fb01aef64c",
            "init": false,
            "ipc_mode": "private",
            "labels": [],
            "log_driver": "json-file",
            "log_opts": null,
            "logs": false,
            "max_retry_count": 0,
            "memory": 0,
            "memory_swap": 0,
            "mounts": [],
            "must_run": true,
            "name": "nginx_container",
            "network_data": [
              {
                "gateway": "172.17.0.1",
                "global_ipv6_address": "",
                "global_ipv6_prefix_length": 0,
                "ip_address": "172.17.0.6",
                "ip_prefix_length": 16,
                "ipv6_gateway": "",
                "mac_address": "02:42:ac:11:00:06",
                "network_name": "bridge"
              }
            ],
            "network_mode": "default",
            "networks_advanced": [],
            "pid_mode": "",
            "ports": [
              {
                "external": 8081,
                "internal": 80,
                "ip": "0.0.0.0",
                "protocol": "tcp"
              }
            ],
            "privileged": false,
            "publish_all_ports": false,
            "read_only": false,
            "remove_volumes": true,
            "restart": "no",
            "rm": false,
            "runtime": "runc",
            "security_opts": [],
            "shm_size": 64,
            "start": true,
            "stdin_open": false,
            "stop_signal": "",
            "stop_timeout": 0,
            "storage_opts": null,
            "sysctls": null,
            "tmpfs": null,
            "tty": false,
            "ulimit": [],
            "upload": [],
            "user": "",
            "userns_mode": "",
            "volumes": [],
            "wait": false,
            "wait_timeout": 60,
            "working_dir": "/scanner"
          },
          "sensitive_attributes": [],
          "private": "eyJzY2hlbWFfdmVyc2lvbiI6IjIifQ==",
          "dependencies": [
            "docker_image.image_nginx"
          ]
        }
      ]
    },
    {
      "mode": "managed",
      "type": "docker_container",
      "name": "container_postgres",
      "provider": "provider[\"registry.terraform.io/kreuzwerker/docker\"]",
      "instances": [
        {
          "schema_version": 2,
          "attributes": {
            "attach": false,
            "bridge": "",
            "capabilities": [],
            "cgroupns_mode": null,
            "command": [
              "/opt/bin/supervisord"
            ],
            "container_logs": null,
            "container_read_refresh_timeout_milliseconds": 15000,
            "cpu_set": "",
            "cpu_shares": 0,
            "destroy_grace_seconds": null,
            "devices": [],
            "dns": null,
            "dns_opts": null,
            "dns_search": null,
            "domainname": "",
            "entrypoint": [
              "/tini",
              "--"
            ],
            "env": [
              "POSTGRES_PASSWORD=Luisfercho2514*"
            ],
            "exit_code": null,
            "gpus": null,
            "group_add": null,
            "healthcheck": [
              {
                "interval": "0s",
                "retries": 0,
                "start_period": "30s",
                "test": [
                  "CMD-SHELL",
                  "[[ $(ps -p $(pidof ruby) -o etimes --no-headers | sed -e 's/^[[:space:]]*//') -gt 25 ]] || exit 1"
                ],
                "timeout": "0s"
              }
            ],
            "host": [],
            "hostname": "2fe8187c8e57",
            "id": "2fe8187c8e57d06a19d71d5f7e5f9eded26d72dbd254940ad735c3a198fca734",
            "image": "sha256:7c456fcc8cacf55e10a27b0e52f88564f10f6c2a159bc0b64c7686fb01aef64c",
            "init": false,
            "ipc_mode": "private",
            "labels": [],
            "log_driver": "json-file",
            "log_opts": null,
            "logs": false,
            "max_retry_count": 0,
            "memory": 0,
            "memory_swap": 0,
            "mounts": [],
            "must_run": true,
            "name": "postgres_container",
            "network_data": [
              {
                "gateway": "172.17.0.1",
                "global_ipv6_address": "",
                "global_ipv6_prefix_length": 0,
                "ip_address": "172.17.0.2",
                "ip_prefix_length": 16,
                "ipv6_gateway": "",
                "mac_address": "02:42:ac:11:00:02",
                "network_name": "bridge"
              }
            ],
            "network_mode": "default",
            "networks_advanced": [],
            "pid_mode": "",
            "ports": [
              {
                "external": 8083,
                "internal": 80,
                "ip": "0.0.0.0",
                "protocol": "tcp"
              }
            ],
            "privileged": false,
            "publish_all_ports": false,
            "read_only": false,
            "remove_volumes": true,
            "restart": "no",
            "rm": false,
            "runtime": "runc",
            "security_opts": [],
            "shm_size": 64,
            "start": true,
            "stdin_open": false,
            "stop_signal": "",
            "stop_timeout": 0,
            "storage_opts": null,
            "sysctls": null,
            "tmpfs": null,
            "tty": false,
            "ulimit": [],
            "upload": [],
            "user": "",
            "userns_mode": "",
            "volumes": [],
            "wait": false,
            "wait_timeout": 60,
            "working_dir": "/scanner"
          },
          "sensitive_attributes": [],
          "private": "eyJzY2hlbWFfdmVyc2lvbiI6IjIifQ==",
          "dependencies": [
            "docker_image.image_postgres"
          ]
        }
      ]
    },
    {
      "mode": "managed",
      "type": "docker_container",
      "name": "openvas-scanner",
      "provider": "provider[\"registry.terraform.io/kreuzwerker/docker\"]",
      "instances": [
        {
          "schema_version": 2,
          "attributes": {
            "attach": false,
            "bridge": "",
            "capabilities": [],
            "cgroupns_mode": null,
            "command": [
              "/opt/bin/supervisord"
            ],
            "container_logs": null,
            "container_read_refresh_timeout_milliseconds": 15000,
            "cpu_set": "",
            "cpu_shares": 0,
            "destroy_grace_seconds": null,
            "devices": [],
            "dns": null,
            "dns_opts": null,
            "dns_search": null,
            "domainname": "",
            "entrypoint": [
              "/tini",
              "--"
            ],
            "env": [],
            "exit_code": null,
            "gpus": null,
            "group_add": null,
            "healthcheck": [
              {
                "interval": "0s",
                "retries": 0,
                "start_period": "30s",
                "test": [
                  "CMD-SHELL",
                  "[[ $(ps -p $(pidof ruby) -o etimes --no-headers | sed -e 's/^[[:space:]]*//') -gt 25 ]] || exit 1"
                ],
                "timeout": "0s"
              }
            ],
            "host": [],
            "hostname": "18556d1d5fbf",
            "id": "18556d1d5fbfe13680e1fcc7e426fec61460032bc68adc5ec748345776740c4f",
            "image": "sha256:7c456fcc8cacf55e10a27b0e52f88564f10f6c2a159bc0b64c7686fb01aef64c",
            "init": false,
            "ipc_mode": "private",
            "labels": [],
            "log_driver": "json-file",
            "log_opts": null,
            "logs": false,
            "max_retry_count": 0,
            "memory": 0,
            "memory_swap": 0,
            "mounts": [],
            "must_run": true,
            "name": "openvas-scanner_container",
            "network_data": [
              {
                "gateway": "172.17.0.1",
                "global_ipv6_address": "",
                "global_ipv6_prefix_length": 0,
                "ip_address": "172.17.0.8",
                "ip_prefix_length": 16,
                "ipv6_gateway": "",
                "mac_address": "02:42:ac:11:00:08",
                "network_name": "bridge"
              }
            ],
            "network_mode": "default",
            "networks_advanced": [],
            "pid_mode": "",
            "ports": [
              {
                "external": 8082,
                "internal": 80,
                "ip": "0.0.0.0",
                "protocol": "tcp"
              }
            ],
            "privileged": false,
            "publish_all_ports": false,
            "read_only": false,
            "remove_volumes": true,
            "restart": "no",
            "rm": false,
            "runtime": "runc",
            "security_opts": [],
            "shm_size": 64,
            "start": true,
            "stdin_open": false,
            "stop_signal": "",
            "stop_timeout": 0,
            "storage_opts": null,
            "sysctls": null,
            "tmpfs": null,
            "tty": false,
            "ulimit": [],
            "upload": [],
            "user": "",
            "userns_mode": "",
            "volumes": [],
            "wait": false,
            "wait_timeout": 60,
            "working_dir": "/scanner"
          },
          "sensitive_attributes": [],
          "private": "eyJzY2hlbWFfdmVyc2lvbiI6IjIifQ==",
          "dependencies": [
            "docker_image.openvas-scanner"
          ]
        }
      ]
    },
    {
      "mode": "managed",
      "type": "docker_container",
      "name": "redis",
      "provider": "provider[\"registry.terraform.io/kreuzwerker/docker\"]",
      "instances": [
        {
          "schema_version": 2,
          "attributes": {
            "attach": false,
            "bridge": "",
            "capabilities": [],
            "cgroupns_mode": null,
            "command": [
              "/opt/bin/supervisord"
            ],
            "container_logs": null,
            "container_read_refresh_timeout_milliseconds": 15000,
            "cpu_set": "",
            "cpu_shares": 0,
            "destroy_grace_seconds": null,
            "devices": [],
            "dns": null,
            "dns_opts": null,
            "dns_search": null,
            "domainname": "",
            "entrypoint": [
              "/tini",
              "--"
            ],
            "env": [],
            "exit_code": null,
            "gpus": null,
            "group_add": null,
            "healthcheck": [
              {
                "interval": "0s",
                "retries": 0,
                "start_period": "30s",
                "test": [
                  "CMD-SHELL",
                  "[[ $(ps -p $(pidof ruby) -o etimes --no-headers | sed -e 's/^[[:space:]]*//') -gt 25 ]] || exit 1"
                ],
                "timeout": "0s"
              }
            ],
            "host": [],
            "hostname": "4974460dad7c",
            "id": "4974460dad7c95bcfe0e51b52bef50a8f4491c484d0a954c6034643667c2c3bb",
            "image": "sha256:7c456fcc8cacf55e10a27b0e52f88564f10f6c2a159bc0b64c7686fb01aef64c",
            "init": false,
            "ipc_mode": "private",
            "labels": [],
            "log_driver": "json-file",
            "log_opts": null,
            "logs": false,
            "max_retry_count": 0,
            "memory": 0,
            "memory_swap": 0,
            "mounts": [],
            "must_run": true,
            "name": "redis_container",
            "network_data": [
              {
                "gateway": "172.17.0.1",
                "global_ipv6_address": "",
                "global_ipv6_prefix_length": 0,
                "ip_address": "172.17.0.7",
                "ip_prefix_length": 16,
                "ipv6_gateway": "",
                "mac_address": "02:42:ac:11:00:07",
                "network_name": "bridge"
              }
            ],
            "network_mode": "default",
            "networks_advanced": [],
            "pid_mode": "",
            "ports": [
              {
                "external": 8084,
                "internal": 80,
                "ip": "0.0.0.0",
                "protocol": "tcp"
              }
            ],
            "privileged": false,
            "publish_all_ports": false,
            "read_only": false,
            "remove_volumes": true,
            "restart": "no",
            "rm": false,
            "runtime": "runc",
            "security_opts": [],
            "shm_size": 64,
            "start": true,
            "stdin_open": false,
            "stop_signal": "",
            "stop_timeout": 0,
            "storage_opts": null,
            "sysctls": null,
            "tmpfs": null,
            "tty": false,
            "ulimit": [],
            "upload": [],
            "user": "",
            "userns_mode": "",
            "volumes": [],
            "wait": false,
            "wait_timeout": 60,
            "working_dir": "/scanner"
          },
          "sensitive_attributes": [],
          "private": "eyJzY2hlbWFfdmVyc2lvbiI6IjIifQ==",
          "dependencies": [
            "docker_image.redis"
          ]
        }
      ]
    },
    {
      "mode": "managed",
      "type": "docker_container",
      "name": "sonarqube",
      "provider": "provider[\"registry.terraform.io/kreuzwerker/docker\"]",
      "instances": [
        {
          "schema_version": 2,
          "attributes": {
            "attach": false,
            "bridge": "",
            "capabilities": [],
            "cgroupns_mode": null,
            "command": [
              "/opt/bin/supervisord"
            ],
            "container_logs": null,
            "container_read_refresh_timeout_milliseconds": 15000,
            "cpu_set": "",
            "cpu_shares": 0,
            "destroy_grace_seconds": null,
            "devices": [],
            "dns": null,
            "dns_opts": null,
            "dns_search": null,
            "domainname": "",
            "entrypoint": [
              "/tini",
              "--"
            ],
            "env": [],
            "exit_code": null,
            "gpus": null,
            "group_add": null,
            "healthcheck": [
              {
                "interval": "0s",
                "retries": 0,
                "start_period": "30s",
                "test": [
                  "CMD-SHELL",
                  "[[ $(ps -p $(pidof ruby) -o etimes --no-headers | sed -e 's/^[[:space:]]*//') -gt 25 ]] || exit 1"
                ],
                "timeout": "0s"
              }
            ],
            "host": [],
            "hostname": "6eea9dfe3cbe",
            "id": "6eea9dfe3cbe06422227876f80dbc9c076b14908d845c584c6ab5f5223ee2da5",
            "image": "sha256:7c456fcc8cacf55e10a27b0e52f88564f10f6c2a159bc0b64c7686fb01aef64c",
            "init": false,
            "ipc_mode": "private",
            "labels": [],
            "log_driver": "json-file",
            "log_opts": null,
            "logs": false,
            "max_retry_count": 0,
            "memory": 0,
            "memory_swap": 0,
            "mounts": [],
            "must_run": true,
            "name": "sonarqube",
            "network_data": [
              {
                "gateway": "172.17.0.1",
                "global_ipv6_address": "",
                "global_ipv6_prefix_length": 0,
                "ip_address": "172.17.0.5",
                "ip_prefix_length": 16,
                "ipv6_gateway": "",
                "mac_address": "02:42:ac:11:00:05",
                "network_name": "bridge"
              }
            ],
            "network_mode": "default",
            "networks_advanced": [],
            "pid_mode": "",
            "ports": [
              {
                "external": 8085,
                "internal": 80,
                "ip": "0.0.0.0",
                "protocol": "tcp"
              }
            ],
            "privileged": false,
            "publish_all_ports": false,
            "read_only": false,
            "remove_volumes": true,
            "restart": "no",
            "rm": false,
            "runtime": "runc",
            "security_opts": [],
            "shm_size": 64,
            "start": true,
            "stdin_open": false,
            "stop_signal": "",
            "stop_timeout": 0,
            "storage_opts": null,
            "sysctls": null,
            "tmpfs": null,
            "tty": false,
            "ulimit": [],
            "upload": [],
            "user": "",
            "userns_mode": "",
            "volumes": [],
            "wait": false,
            "wait_timeout": 60,
            "working_dir": "/scanner"
          },
          "sensitive_attributes": [],
          "private": "eyJzY2hlbWFfdmVyc2lvbiI6IjIifQ==",
          "dependencies": [
            "docker_image.sonarqube"
          ]
        }
      ]
    },
    {
      "mode": "managed",
      "type": "docker_container",
      "name": "terrascan",
      "provider": "provider[\"registry.terraform.io/kreuzwerker/docker\"]",
      "instances": [
        {
          "schema_version": 2,
          "attributes": {
            "attach": false,
            "bridge": "",
            "capabilities": [],
            "cgroupns_mode": null,
            "command": [
              "/opt/bin/supervisord"
            ],
            "container_logs": null,
            "container_read_refresh_timeout_milliseconds": 15000,
            "cpu_set": "",
            "cpu_shares": 0,
            "destroy_grace_seconds": null,
            "devices": [],
            "dns": null,
            "dns_opts": null,
            "dns_search": null,
            "domainname": "",
            "entrypoint": [
              "/tini",
              "--"
            ],
            "env": [],
            "exit_code": null,
            "gpus": null,
            "group_add": null,
            "healthcheck": [
              {
                "interval": "0s",
                "retries": 0,
                "start_period": "30s",
                "test": [
                  "CMD-SHELL",
                  "[[ $(ps -p $(pidof ruby) -o etimes --no-headers | sed -e 's/^[[:space:]]*//') -gt 25 ]] || exit 1"
                ],
                "timeout": "0s"
              }
            ],
            "host": [],
            "hostname": "89a7e70fdadb",
            "id": "89a7e70fdadbe10e58be8ebcc318399b7587c09e0e706b30851a081d2ec8cf35",
            "image": "sha256:7c456fcc8cacf55e10a27b0e52f88564f10f6c2a159bc0b64c7686fb01aef64c",
            "init": false,
            "ipc_mode": "private",
            "labels": [],
            "log_driver": "json-file",
            "log_opts": null,
            "logs": false,
            "max_retry_count": 0,
            "memory": 0,
            "memory_swap": 0,
            "mounts": [],
            "must_run": true,
            "name": "Container_tenable",
            "network_data": [
              {
                "gateway": "172.17.0.1",
                "global_ipv6_address": "",
                "global_ipv6_prefix_length": 0,
                "ip_address": "172.17.0.3",
                "ip_prefix_length": 16,
                "ipv6_gateway": "",
                "mac_address": "02:42:ac:11:00:03",
                "network_name": "bridge"
              }
            ],
            "network_mode": "default",
            "networks_advanced": [],
            "pid_mode": "",
            "ports": [
              {
                "external": 8086,
                "internal": 80,
                "ip": "0.0.0.0",
                "protocol": "tcp"
              }
            ],
            "privileged": false,
            "publish_all_ports": false,
            "read_only": false,
            "remove_volumes": true,
            "restart": "no",
            "rm": false,
            "runtime": "runc",
            "security_opts": [],
            "shm_size": 64,
            "start": true,
            "stdin_open": false,
            "stop_signal": "",
            "stop_timeout": 0,
            "storage_opts": null,
            "sysctls": null,
            "tmpfs": null,
            "tty": false,
            "ulimit": [],
            "upload": [],
            "user": "",
            "userns_mode": "",
            "volumes": [],
            "wait": false,
            "wait_timeout": 60,
            "working_dir": "/scanner"
          },
          "sensitive_attributes": [],
          "private": "eyJzY2hlbWFfdmVyc2lvbiI6IjIifQ==",
          "dependencies": [
            "docker_image.terrascan"
          ]
        }
      ]
    },
    {
      "mode": "managed",
      "type": "docker_image",
      "name": "image_firewall",
      "provider": "provider[\"registry.terraform.io/kreuzwerker/docker\"]",
      "instances": [
        {
          "schema_version": 0,
          "attributes": {
            "build": [],
            "force_remove": null,
            "id": "sha256:7c456fcc8cacf55e10a27b0e52f88564f10f6c2a159bc0b64c7686fb01aef64cluisfercho09/firewall-vulnerabilities:latest",
            "image_id": "sha256:7c456fcc8cacf55e10a27b0e52f88564f10f6c2a159bc0b64c7686fb01aef64c",
            "keep_locally": null,
            "name": "luisfercho09/firewall-vulnerabilities:latest",
            "platform": null,
            "pull_triggers": null,
            "repo_digest": "luisfercho09/firewall-vulnerabilities@sha256:6d38fe68ccd820904611269966ee5dadf981bbe33c95fd5735aead704dcca690",
            "triggers": null
          },
          "sensitive_attributes": [],
          "private": "bnVsbA=="
        }
      ]
    },
    {
      "mode": "managed",
      "type": "docker_image",
      "name": "image_nginx",
      "provider": "provider[\"registry.terraform.io/kreuzwerker/docker\"]",
      "instances": [
        {
          "schema_version": 0,
          "attributes": {
            "build": [],
            "force_remove": null,
            "id": "sha256:7c456fcc8cacf55e10a27b0e52f88564f10f6c2a159bc0b64c7686fb01aef64cluisfercho09/nginx-vulnerabilities:latest",
            "image_id": "sha256:7c456fcc8cacf55e10a27b0e52f88564f10f6c2a159bc0b64c7686fb01aef64c",
            "keep_locally": null,
            "name": "luisfercho09/nginx-vulnerabilities:latest",
            "platform": null,
            "pull_triggers": null,
            "repo_digest": "luisfercho09/nginx-vulnerabilities@sha256:6d38fe68ccd820904611269966ee5dadf981bbe33c95fd5735aead704dcca690",
            "triggers": null
          },
          "sensitive_attributes": [],
          "private": "bnVsbA=="
        }
      ]
    },
    {
      "mode": "managed",
      "type": "docker_image",
      "name": "image_postgres",
      "provider": "provider[\"registry.terraform.io/kreuzwerker/docker\"]",
      "instances": [
        {
          "schema_version": 0,
          "attributes": {
            "build": [],
            "force_remove": null,
            "id": "sha256:7c456fcc8cacf55e10a27b0e52f88564f10f6c2a159bc0b64c7686fb01aef64cluisfercho09/postgres-vulnerabilities:latest",
            "image_id": "sha256:7c456fcc8cacf55e10a27b0e52f88564f10f6c2a159bc0b64c7686fb01aef64c",
            "keep_locally": null,
            "name": "luisfercho09/postgres-vulnerabilities:latest",
            "platform": null,
            "pull_triggers": null,
            "repo_digest": "luisfercho09/postgres-vulnerabilities@sha256:6d38fe68ccd820904611269966ee5dadf981bbe33c95fd5735aead704dcca690",
            "triggers": null
          },
          "sensitive_attributes": [],
          "private": "bnVsbA=="
        }
      ]
    },
    {
      "mode": "managed",
      "type": "docker_image",
      "name": "openvas-scanner",
      "provider": "provider[\"registry.terraform.io/kreuzwerker/docker\"]",
      "instances": [
        {
          "schema_version": 0,
          "attributes": {
            "build": [],
            "force_remove": null,
            "id": "sha256:7c456fcc8cacf55e10a27b0e52f88564f10f6c2a159bc0b64c7686fb01aef64cluisfercho09/openvas-vulnerabilities:latest",
            "image_id": "sha256:7c456fcc8cacf55e10a27b0e52f88564f10f6c2a159bc0b64c7686fb01aef64c",
            "keep_locally": null,
            "name": "luisfercho09/openvas-vulnerabilities:latest",
            "platform": null,
            "pull_triggers": null,
            "repo_digest": "luisfercho09/openvas-vulnerabilities@sha256:6d38fe68ccd820904611269966ee5dadf981bbe33c95fd5735aead704dcca690",
            "triggers": null
          },
          "sensitive_attributes": [],
          "private": "bnVsbA=="
        }
      ]
    },
    {
      "mode": "managed",
      "type": "docker_image",
      "name": "redis",
      "provider": "provider[\"registry.terraform.io/kreuzwerker/docker\"]",
      "instances": [
        {
          "schema_version": 0,
          "attributes": {
            "build": [],
            "force_remove": null,
            "id": "sha256:7c456fcc8cacf55e10a27b0e52f88564f10f6c2a159bc0b64c7686fb01aef64cluisfercho09/redis-vulnerabilities:latest",
            "image_id": "sha256:7c456fcc8cacf55e10a27b0e52f88564f10f6c2a159bc0b64c7686fb01aef64c",
            "keep_locally": null,
            "name": "luisfercho09/redis-vulnerabilities:latest",
            "platform": null,
            "pull_triggers": null,
            "repo_digest": "luisfercho09/redis-vulnerabilities@sha256:6d38fe68ccd820904611269966ee5dadf981bbe33c95fd5735aead704dcca690",
            "triggers": null
          },
          "sensitive_attributes": [],
          "private": "bnVsbA=="
        }
      ]
    },
    {
      "mode": "managed",
      "type": "docker_image",
      "name": "sonarqube",
      "provider": "provider[\"registry.terraform.io/kreuzwerker/docker\"]",
      "instances": [
        {
          "schema_version": 0,
          "attributes": {
            "build": [],
            "force_remove": null,
            "id": "sha256:7c456fcc8cacf55e10a27b0e52f88564f10f6c2a159bc0b64c7686fb01aef64cluisfercho09/sonarqube-vulnerabilities:latest",
            "image_id": "sha256:7c456fcc8cacf55e10a27b0e52f88564f10f6c2a159bc0b64c7686fb01aef64c",
            "keep_locally": null,
            "name": "luisfercho09/sonarqube-vulnerabilities:latest",
            "platform": null,
            "pull_triggers": null,
            "repo_digest": "luisfercho09/sonarqube-vulnerabilities@sha256:6d38fe68ccd820904611269966ee5dadf981bbe33c95fd5735aead704dcca690",
            "triggers": null
          },
          "sensitive_attributes": [],
          "private": "bnVsbA=="
        }
      ]
    },
    {
      "mode": "managed",
      "type": "docker_image",
      "name": "terrascan",
      "provider": "provider[\"registry.terraform.io/kreuzwerker/docker\"]",
      "instances": [
        {
          "schema_version": 0,
          "attributes": {
            "build": [],
            "force_remove": null,
            "id": "sha256:7c456fcc8cacf55e10a27b0e52f88564f10f6c2a159bc0b64c7686fb01aef64cluisfercho09/tenable-vulnerabilities:latest",
            "image_id": "sha256:7c456fcc8cacf55e10a27b0e52f88564f10f6c2a159bc0b64c7686fb01aef64c",
            "keep_locally": null,
            "name": "luisfercho09/tenable-vulnerabilities:latest",
            "platform": null,
            "pull_triggers": null,
            "repo_digest": "luisfercho09/tenable-vulnerabilities@sha256:6d38fe68ccd820904611269966ee5dadf981bbe33c95fd5735aead704dcca690",
            "triggers": null
          },
          "sensitive_attributes": [],
          "private": "bnVsbA=="
        }
      ]
    }
  ],
  "check_results": null
}
