{
  "version": 4,
  "terraform_version": "1.5.5",
  "serial": 416,
  "lineage": "e5ff496b-354a-4b4b-3f06-72b658d1b2be",
  "outputs": {},
  "resources": [
    {
      "mode": "managed",
      "type": "docker_container",
      "name": "container_firewall",
      "provider": "provider[\"registry.terraform.io/kreuzwerker/docker\"]",
      "instances": [
        {
          "status": "tainted",
          "schema_version": 2,
          "attributes": {
            "attach": false,
            "bridge": null,
            "capabilities": [],
            "cgroupns_mode": null,
            "command": [
              "bash",
              "-it"
            ],
            "container_logs": null,
            "container_read_refresh_timeout_milliseconds": 15000,
            "cpu_set": null,
            "cpu_shares": null,
            "destroy_grace_seconds": null,
            "devices": [],
            "dns": null,
            "dns_opts": null,
            "dns_search": null,
            "domainname": null,
            "entrypoint": null,
            "env": [
              "APIFW_API_SPECS=/opt/resources/httpbin.json",
              "APIFW_DENYLIST_TOKENS_COOKIE_NAME=test",
              "APIFW_DENYLIST_TOKENS_FILE=/opt/resources/tokens.denylist.db",
              "APIFW_DENYLIST_TOKENS_HEADER_NAME=",
              "APIFW_DENYLIST_TOKENS_TRIM_BEARER_PREFIX=true",
              "APIFW_REQUEST_VALIDATION=BLOCK",
              "APIFW_RESPONSE_VALIDATION=BLOCK",
              "APIFW_SERVER_DIAL_TIMEOUT=200ms",
              "APIFW_SERVER_MAX_CONNS_PER_HOST=512",
              "APIFW_SERVER_READ_TIMEOUT=5s",
              "APIFW_SERVER_URL=http://backend:80",
              "APIFW_SERVER_WRITE_TIMEOUT=5s",
              "APIFW_URL=http://0.0.0.0:8080"
            ],
            "exit_code": null,
            "gpus": null,
            "group_add": null,
            "healthcheck": null,
            "host": [],
            "hostname": null,
            "id": "d9f58ddf9ab42f2bfbe437be7b3681e52216681c97af4fcec9ab4d5520045e93",
            "image": "sha256:6a5a5895e77422c4a9d3543ec34d94016490e0a850ab8256366564f745a48498",
            "init": null,
            "ipc_mode": null,
            "labels": [],
            "log_driver": null,
            "log_opts": null,
            "logs": false,
            "max_retry_count": null,
            "memory": null,
            "memory_swap": null,
            "mounts": [],
            "must_run": true,
            "name": "firewall_container",
            "network_data": null,
            "network_mode": null,
            "networks_advanced": [],
            "pid_mode": null,
            "ports": [
              {
                "external": 8080,
                "internal": 80,
                "ip": "0.0.0.0",
                "protocol": "tcp"
              }
            ],
            "privileged": null,
            "publish_all_ports": null,
            "read_only": false,
            "remove_volumes": true,
            "restart": "on-failure",
            "rm": false,
            "runtime": null,
            "security_opts": [],
            "shm_size": null,
            "start": true,
            "stdin_open": false,
            "stop_signal": null,
            "stop_timeout": null,
            "storage_opts": null,
            "sysctls": null,
            "tmpfs": null,
            "tty": false,
            "ulimit": [],
            "upload": [],
            "user": null,
            "userns_mode": null,
            "volumes": [
              {
                "container_path": "/opt/resources",
                "from_container": "",
                "host_path": "/volumes/api-firewall",
                "read_only": true,
                "volume_name": ""
              }
            ],
            "wait": false,
            "wait_timeout": 60,
            "working_dir": null
          },
          "sensitive_attributes": [],
          "private": "eyJzY2hlbWFfdmVyc2lvbiI6IjIifQ==",
          "dependencies": [
            "docker_image.image_firewall"
          ]
        }
      ]
    },
    {
      "mode": "managed",
      "type": "docker_image",
      "name": "image_firewall",
      "provider": "provider[\"registry.terraform.io/kreuzwerker/docker\"]",
      "instances": [
        {
          "schema_version": 0,
          "attributes": {
            "build": [],
            "force_remove": null,
            "id": "sha256:6a5a5895e77422c4a9d3543ec34d94016490e0a850ab8256366564f745a48498luisfercho09/firewall-vulnerabilities:latest",
            "image_id": "sha256:6a5a5895e77422c4a9d3543ec34d94016490e0a850ab8256366564f745a48498",
            "keep_locally": null,
            "name": "luisfercho09/firewall-vulnerabilities:latest",
            "platform": null,
            "pull_triggers": null,
            "repo_digest": "luisfercho09/firewall-vulnerabilities@sha256:5845150ecc6d7cd78ab0e7ead18b221e6d5e8a7a6e3cef1c0f2dff0929709727",
            "triggers": null
          },
          "sensitive_attributes": [],
          "private": "bnVsbA=="
        }
      ]
    },
    {
      "mode": "managed",
      "type": "docker_image",
      "name": "image_nginx",
      "provider": "provider[\"registry.terraform.io/kreuzwerker/docker\"]",
      "instances": [
        {
          "schema_version": 0,
          "attributes": {
            "build": [],
            "force_remove": null,
            "id": "sha256:6a5a5895e77422c4a9d3543ec34d94016490e0a850ab8256366564f745a48498luisfercho09/nginx-vulnerabilities:latest",
            "image_id": "sha256:6a5a5895e77422c4a9d3543ec34d94016490e0a850ab8256366564f745a48498",
            "keep_locally": null,
            "name": "luisfercho09/nginx-vulnerabilities:latest",
            "platform": null,
            "pull_triggers": null,
            "repo_digest": "luisfercho09/nginx-vulnerabilities@sha256:5845150ecc6d7cd78ab0e7ead18b221e6d5e8a7a6e3cef1c0f2dff0929709727",
            "triggers": null
          },
          "sensitive_attributes": [],
          "private": "bnVsbA=="
        }
      ]
    },
    {
      "mode": "managed",
      "type": "docker_image",
      "name": "image_postgres",
      "provider": "provider[\"registry.terraform.io/kreuzwerker/docker\"]",
      "instances": [
        {
          "schema_version": 0,
          "attributes": {
            "build": [],
            "force_remove": null,
            "id": "sha256:6a5a5895e77422c4a9d3543ec34d94016490e0a850ab8256366564f745a48498luisfercho09/postgres-vulnerabilities:latest",
            "image_id": "sha256:6a5a5895e77422c4a9d3543ec34d94016490e0a850ab8256366564f745a48498",
            "keep_locally": null,
            "name": "luisfercho09/postgres-vulnerabilities:latest",
            "platform": null,
            "pull_triggers": null,
            "repo_digest": "luisfercho09/postgres-vulnerabilities@sha256:5845150ecc6d7cd78ab0e7ead18b221e6d5e8a7a6e3cef1c0f2dff0929709727",
            "triggers": null
          },
          "sensitive_attributes": [],
          "private": "bnVsbA=="
        }
      ]
    },
    {
      "mode": "managed",
      "type": "docker_image",
      "name": "openvas-scanner",
      "provider": "provider[\"registry.terraform.io/kreuzwerker/docker\"]",
      "instances": [
        {
          "schema_version": 0,
          "attributes": {
            "build": [],
            "force_remove": null,
            "id": "sha256:6a5a5895e77422c4a9d3543ec34d94016490e0a850ab8256366564f745a48498luisfercho09/tenable-vulnerabilities:latest",
            "image_id": "sha256:6a5a5895e77422c4a9d3543ec34d94016490e0a850ab8256366564f745a48498",
            "keep_locally": null,
            "name": "luisfercho09/tenable-vulnerabilities:latest",
            "platform": null,
            "pull_triggers": null,
            "repo_digest": "luisfercho09/tenable-vulnerabilities@sha256:5845150ecc6d7cd78ab0e7ead18b221e6d5e8a7a6e3cef1c0f2dff0929709727",
            "triggers": null
          },
          "sensitive_attributes": [],
          "private": "bnVsbA=="
        }
      ]
    },
    {
      "mode": "managed",
      "type": "docker_image",
      "name": "redis",
      "provider": "provider[\"registry.terraform.io/kreuzwerker/docker\"]",
      "instances": [
        {
          "schema_version": 0,
          "attributes": {
            "build": [],
            "force_remove": null,
            "id": "sha256:6a5a5895e77422c4a9d3543ec34d94016490e0a850ab8256366564f745a48498luisfercho09/redis-vulnerabilities:latest",
            "image_id": "sha256:6a5a5895e77422c4a9d3543ec34d94016490e0a850ab8256366564f745a48498",
            "keep_locally": null,
            "name": "luisfercho09/redis-vulnerabilities:latest",
            "platform": null,
            "pull_triggers": null,
            "repo_digest": "luisfercho09/redis-vulnerabilities@sha256:5845150ecc6d7cd78ab0e7ead18b221e6d5e8a7a6e3cef1c0f2dff0929709727",
            "triggers": null
          },
          "sensitive_attributes": [],
          "private": "bnVsbA=="
        }
      ]
    },
    {
      "mode": "managed",
      "type": "docker_image",
      "name": "sonarqube",
      "provider": "provider[\"registry.terraform.io/kreuzwerker/docker\"]",
      "instances": [
        {
          "schema_version": 0,
          "attributes": {
            "build": [],
            "force_remove": null,
            "id": "sha256:6a5a5895e77422c4a9d3543ec34d94016490e0a850ab8256366564f745a48498luisfercho09/sonarqube-vulnerabilities:latest",
            "image_id": "sha256:6a5a5895e77422c4a9d3543ec34d94016490e0a850ab8256366564f745a48498",
            "keep_locally": null,
            "name": "luisfercho09/sonarqube-vulnerabilities:latest",
            "platform": null,
            "pull_triggers": null,
            "repo_digest": "luisfercho09/sonarqube-vulnerabilities@sha256:5845150ecc6d7cd78ab0e7ead18b221e6d5e8a7a6e3cef1c0f2dff0929709727",
            "triggers": null
          },
          "sensitive_attributes": [],
          "private": "bnVsbA=="
        }
      ]
    },
    {
      "mode": "managed",
      "type": "docker_image",
      "name": "terrascan",
      "provider": "provider[\"registry.terraform.io/kreuzwerker/docker\"]",
      "instances": [
        {
          "schema_version": 0,
          "attributes": {
            "build": [],
            "force_remove": null,
            "id": "sha256:6a5a5895e77422c4a9d3543ec34d94016490e0a850ab8256366564f745a48498luisfercho09/tenable-vulnerabilities:latest",
            "image_id": "sha256:6a5a5895e77422c4a9d3543ec34d94016490e0a850ab8256366564f745a48498",
            "keep_locally": null,
            "name": "luisfercho09/tenable-vulnerabilities:latest",
            "platform": null,
            "pull_triggers": null,
            "repo_digest": "luisfercho09/tenable-vulnerabilities@sha256:5845150ecc6d7cd78ab0e7ead18b221e6d5e8a7a6e3cef1c0f2dff0929709727",
            "triggers": null
          },
          "sensitive_attributes": [],
          "private": "bnVsbA=="
        }
      ]
    }
  ],
  "check_results": null
}
